github.com/olebedev/emitter v0.0.0-20190110104742-e8d1457e6aee h1:IquUs3fIykn10zWDIyddanhpTqBvAHMaPnFhQuyYw5U=
github.com/olebedev/emitter v0.0.0-20190110104742-e8d1457e6aee/go.mod h1:eT2/Pcsim3XBjbvldGiJBvvgiqZkAFyiOJJsDKXs/ts=
github.com/pkg/errors v0.9.1 h1:FEBLx1zS214owpjy7qsBeixbURkuhQAwrK5UwLGTwt4=
github.com/pkg/errors v0.9.1/go.mod h1:bwawxfHBFNV+L2hUp1rHADufV3IMtnDRdf1r5NINEl0=
gopkg.in/go-mixed/go-common.v1 v1.0.0-20221231061850-7a65dba158ae h1:b6E++h8wqAECD0vBEmggqlLtnCK8tsk/ohhY+DueKCg=
gopkg.in/go-mixed/go-common.v1 v1.0.0-20221231061850-7a65dba158ae/go.mod h1:PeB3paY9ApoD3VgnaA5bJCaWohTM6FM8yJsNcdfwHaA=
